
Microsoft Visual Studio Solution File, Format Version 12.00
# Visual Studio Version 17
VisualStudioVersion = 17.13.35825.156 d17.13
MinimumVisualStudioVersion = 10.0.40219.1
Project("{FAE04EC0-301F-11D3-BF4B-00C04F79EFBC}") = "book", "book.csproj", "{52079D85-2A05-428E-B934-A537ECE75B2E}"
EndProject
Global
	GlobalSection(SolutionConfigurationPlatforms) = preSolution
		Debug|Any CPU = Debug|Any CPU
		Release|Any CPU = Release|Any CPU
	EndGlobalSection
	GlobalSection(ProjectConfigurationPlatforms) = postSolution
		{52079D85-2A05-428E-B934-A537ECE75B2E}.Debug|Any CPU.ActiveCfg = Debug|Any CPU
		{52079D85-2A05-428E-B934-A537ECE75B2E}.Debug|Any CPU.Build.0 = Debug|Any CPU
		{52079D85-2A05-428E-B934-A537ECE75B2E}.Release|Any CPU.ActiveCfg = Release|Any CPU
		{52079D85-2A05-428E-B934-A537ECE75B2E}.Release|Any CPU.Build.0 = Release|Any CPU
	EndGlobalSection
	GlobalSection(SolutionProperties) = preSolution
		HideSolutionNode = FALSE
	EndGlobalSection
	GlobalSection(ExtensibilityGlobals) = postSolution
		SolutionGuid = {419CD6C3-67D3-4CEF-9E0B-3DEEF02F2208}
	EndGlobalSection
EndGlobal
